<?xml version="1.0" encoding="utf-8"?>
<Project ToolsVersion="16.0" xmlns="http://schemas.microsoft.com/developer/msbuild/2003">
  <ItemGroup>
    <ClCompile Include="C:\Users\Stefan\Documents\git\pbs20-wall\libigl\external\glad\src\glad.c">
      <Filter>Source Files</Filter>
    </ClCompile>
  </ItemGroup>
  <ItemGroup>
    <CustomBuild Include="C:\Users\Stefan\Documents\git\pbs20-wall\libigl\external\glad\CMakeLists.txt" />
  </ItemGroup>
  <ItemGroup>
    <Filter Include="Source Files">
      <UniqueIdentifier>{6E4228CC-91EF-3B28-9965-019444616EA0}</UniqueIdentifier>
    </Filter>
  </ItemGroup>
</Project>
